
Microsoft Visual Studio Solution File, Format Version 12.00
# Visual Studio Version 17
VisualStudioVersion = 17.10.35122.118
MinimumVisualStudioVersion = 10.0.40219.1
Project("{FAE04EC0-301F-11D3-BF4B-00C04F79EFBC}") = "db_Mahasiswa", "db_Mahasiswa.csproj", "{D37A4E94-10F5-48BE-88DB-17C18B9DCA1F}"
EndProject
Global
	GlobalSection(SolutionConfigurationPlatforms) = preSolution
		Debug|Any CPU = Debug|Any CPU
		Release|Any CPU = Release|Any CPU
	EndGlobalSection
	GlobalSection(ProjectConfigurationPlatforms) = postSolution
		{D37A4E94-10F5-48BE-88DB-17C18B9DCA1F}.Debug|Any CPU.ActiveCfg = Debug|Any CPU
		{D37A4E94-10F5-48BE-88DB-17C18B9DCA1F}.Debug|Any CPU.Build.0 = Debug|Any CPU
		{D37A4E94-10F5-48BE-88DB-17C18B9DCA1F}.Release|Any CPU.ActiveCfg = Release|Any CPU
		{D37A4E94-10F5-48BE-88DB-17C18B9DCA1F}.Release|Any CPU.Build.0 = Release|Any CPU
	EndGlobalSection
	GlobalSection(SolutionProperties) = preSolution
		HideSolutionNode = FALSE
	EndGlobalSection
	GlobalSection(ExtensibilityGlobals) = postSolution
		SolutionGuid = {1D406D31-A894-47D7-A14E-F41C00059102}
	EndGlobalSection
EndGlobal
